{
  "pins" : [
    {
      "identity" : "lexicon-gen",
      "kind" : "remoteSourceControl",
      "location" : "https://github.com/andooown/lexicon-gen.git",
      "state" : {
        "branch" : "0.0.5",
        "revision" : "1b73dea18b6a1996a02486c91a1179bbe2dd9092"
      }
    },
    {
      "identity" : "swift-argument-parser",
      "kind" : "remoteSourceControl",
      "location" : "https://github.com/apple/swift-argument-parser.git",
      "state" : {
        "revision" : "9f39744e025c7d377987f30b03770805dcb0bcd1",
        "version" : "1.1.4"
      }
    },
    {
      "identity" : "swift-syntax",
      "kind" : "remoteSourceControl",
      "location" : "https://github.com/apple/swift-syntax.git",
      "state" : {
        "branch" : "509.0.0",
        "revision" : "74203046135342e4a4a627476dd6caf8b28fe11b"
      }
    }
  ],
  "version" : 2
}
